
Microsoft Visual Studio Solution File, Format Version 12.00
# Visual Studio 2013
VisualStudioVersion = 12.0.40629.0
MinimumVisualStudioVersion = 10.0.40219.1
Project("{FAE04EC0-301F-11D3-BF4B-00C04F79EFBC}") = "MasterServerClient", "MasterServerClient\MasterServerClient.csproj", "{C6ABEF5C-84D4-4921-967B-268CD42495BC}"
EndProject
Project("{FAE04EC0-301F-11D3-BF4B-00C04F79EFBC}") = "Test", "Test\Test.csproj", "{03ECA2AB-3889-46FA-94F7-F090A8EA0216}"
	ProjectSection(ProjectDependencies) = postProject
		{C6ABEF5C-84D4-4921-967B-268CD42495BC} = {C6ABEF5C-84D4-4921-967B-268CD42495BC}
	EndProjectSection
EndProject
Global
	GlobalSection(SolutionConfigurationPlatforms) = preSolution
		Debug|Any CPU = Debug|Any CPU
		Release|Any CPU = Release|Any CPU
	EndGlobalSection
	GlobalSection(ProjectConfigurationPlatforms) = postSolution
		{C6ABEF5C-84D4-4921-967B-268CD42495BC}.Debug|Any CPU.ActiveCfg = Debug|Any CPU
		{C6ABEF5C-84D4-4921-967B-268CD42495BC}.Debug|Any CPU.Build.0 = Debug|Any CPU
		{C6ABEF5C-84D4-4921-967B-268CD42495BC}.Release|Any CPU.ActiveCfg = Release|Any CPU
		{C6ABEF5C-84D4-4921-967B-268CD42495BC}.Release|Any CPU.Build.0 = Release|Any CPU
		{03ECA2AB-3889-46FA-94F7-F090A8EA0216}.Debug|Any CPU.ActiveCfg = Debug|Any CPU
		{03ECA2AB-3889-46FA-94F7-F090A8EA0216}.Debug|Any CPU.Build.0 = Debug|Any CPU
		{03ECA2AB-3889-46FA-94F7-F090A8EA0216}.Release|Any CPU.ActiveCfg = Release|Any CPU
		{03ECA2AB-3889-46FA-94F7-F090A8EA0216}.Release|Any CPU.Build.0 = Release|Any CPU
	EndGlobalSection
	GlobalSection(SolutionProperties) = preSolution
		HideSolutionNode = FALSE
	EndGlobalSection
EndGlobal
